// !$*UTF8*$!
{
	archiveVersion = 1;
	classes = {
	};
	objectVersion = 46;
	objects = {

/* Begin PBXBuildFile section */
		8213F26B1697DB6D00E06855 /* UIKit.framework in Frameworks */ = {isa = PBXBuildFile; fileRef = 8213F26A1697DB6D00E06855 /* UIKit.framework */; };
		8213F26D1697DB6D00E06855 /* Foundation.framework in Frameworks */ = {isa = PBXBuildFile; fileRef = 8213F26C1697DB6D00E06855 /* Foundation.framework */; };
		8213F26F1697DB6D00E06855 /* CoreGraphics.framework in Frameworks */ = {isa = PBXBuildFile; fileRef = 8213F26E1697DB6D00E06855 /* CoreGraphics.framework */; };
		8213F2751697DB6D00E06855 /* InfoPlist.strings in Resources */ = {isa = PBXBuildFile; fileRef = 8213F2731697DB6D00E06855 /* InfoPlist.strings */; };
		8213F2771697DB6D00E06855 /* main.m in Sources */ = {isa = PBXBuildFile; fileRef = 8213F2761697DB6D00E06855 /* main.m */; };
		8213F27B1697DB6D00E06855 /* AppDelegate.m in Sources */ = {isa = PBXBuildFile; fileRef = 8213F27A1697DB6D00E06855 /* AppDelegate.m */; };
		8213F27D1697DB6D00E06855 /* Default.png in Resources */ = {isa = PBXBuildFile; fileRef = 8213F27C1697DB6D00E06855 /* Default.png */; };
		8213F27F1697DB6D00E06855 /* Default@2x.png in Resources */ = {isa = PBXBuildFile; fileRef = 8213F27E1697DB6D00E06855 /* Default@2x.png */; };
		8213F2811697DB6D00E06855 /* Default-568h@2x.png in Resources */ = {isa = PBXBuildFile; fileRef = 8213F2801697DB6D00E06855 /* Default-568h@2x.png */; };
		8213F2841697DB6D00E06855 /* ViewController.m in Sources */ = {isa = PBXBuildFile; fileRef = 8213F2831697DB6D00E06855 /* ViewController.m */; };
		8213F28E1697DB9100E06855 /* Demo说明.txt in Resources */ = {isa = PBXBuildFile; fileRef = 8213F28D1697DB9100E06855 /* Demo说明.txt */; };
/* End PBXBuildFile section */

/* Begin PBXFileReference section */
		8213F2661697DB6D00E06855 /* LUIButtonUITextFieldUITextView.app */ = {isa = PBXFileReference; explicitFileType = wrapper.application; includeInIndex = 0; path = LUIButtonUITextFieldUITextView.app; sourceTree = BUILT_PRODUCTS_DIR; };
		8213F26A1697DB6D00E06855 /* UIKit.framework */ = {isa = PBXFileReference; lastKnownFileType = wrapper.framework; name = UIKit.framework; path = System/Library/Frameworks/UIKit.framework; sourceTree = SDKROOT; };
		8213F26C1697DB6D00E06855 /* Foundation.framework */ = {isa = PBXFileReference; lastKnownFileType = wrapper.framework; name = Foundation.framework; path = System/Library/Frameworks/Foundation.framework; sourceTree = SDKROOT; };
		8213F26E1697DB6D00E06855 /* CoreGraphics.framework */ = {isa = PBXFileReference; lastKnownFileType = wrapper.framework; name = CoreGraphics.framework; path = System/Library/Frameworks/CoreGraphics.framework; sourceTree = SDKROOT; };
		8213F2721697DB6D00E06855 /* LUIButtonUITextFieldUITextView-Info.plist */ = {isa = PBXFileReference; lastKnownFileType = text.plist.xml; path = "LUIButtonUITextFieldUITextView-Info.plist"; sourceTree = "<group>"; };
		8213F2741697DB6D00E06855 /* en */ = {isa = PBXFileReference; lastKnownFileType = text.plist.strings; name = en; path = en.lproj/InfoPlist.strings; sourceTree = "<group>"; };
		8213F2761697DB6D00E06855 /* main.m */ = {isa = PBXFileReference; lastKnownFileType = sourcecode.c.objc; path = main.m; sourceTree = "<group>"; };
		8213F2781697DB6D00E06855 /* LUIButtonUITextFieldUITextView-Prefix.pch */ = {isa = PBXFileReference; lastKnownFileType = sourcecode.c.h; path = "LUIButtonUITextFieldUITextView-Prefix.pch"; sourceTree = "<group>"; };
		8213F2791697DB6D00E06855 /* AppDelegate.h */ = {isa = PBXFileReference; lastKnownFileType = sourcecode.c.h; path = AppDelegate.h; sourceTree = "<group>"; };
		8213F27A1697DB6D00E06855 /* AppDelegate.m */ = {isa = PBXFileReference; lastKnownFileType = sourcecode.c.objc; path = AppDelegate.m; sourceTree = "<group>"; };
		8213F27C1697DB6D00E06855 /* Default.png */ = {isa = PBXFileReference; lastKnownFileType = image.png; path = Default.png; sourceTree = "<group>"; };
		8213F27E1697DB6D00E06855 /* Default@2x.png */ = {isa = PBXFileReference; lastKnownFileType = image.png; path = "Default@2x.png"; sourceTree = "<group>"; };
		8213F2801697DB6D00E06855 /* Default-568h@2x.png */ = {isa = PBXFileReference; lastKnownFileType = image.png; path = "Default-568h@2x.png"; sourceTree = "<group>"; };
		8213F2821697DB6D00E06855 /* ViewController.h */ = {isa = PBXFileReference; lastKnownFileType = sourcecode.c.h; path = ViewController.h; sourceTree = "<group>"; };
		8213F2831697DB6D00E06855 /* ViewController.m */ = {isa = PBXFileReference; lastKnownFileType = sourcecode.c.objc; path = ViewController.m; sourceTree = "<group>"; };
		8213F28D1697DB9100E06855 /* Demo说明.txt */ = {isa = PBXFileReference; fileEncoding = 4; lastKnownFileType = text; path = "Demo说明.txt"; sourceTree = "<group>"; };
/* End PBXFileReference section */

/* Begin PBXFrameworksBuildPhase section */
		8213F2631697DB6D00E06855 /* Frameworks */ = {
			isa = PBXFrameworksBuildPhase;
			buildActionMask = 2147483647;
			files = (
				8213F26B1697DB6D00E06855 /* UIKit.framework in Frameworks */,
				8213F26D1697DB6D00E06855 /* Foundation.framework in Frameworks */,
				8213F26F1697DB6D00E06855 /* CoreGraphics.framework in Frameworks */,
			);
			runOnlyForDeploymentPostprocessing = 0;
		};
/* End PBXFrameworksBuildPhase section */

/* Begin PBXGroup section */
		8213F25B1697DB6D00E06855 = {
			isa = PBXGroup;
			children = (
				8213F28D1697DB9100E06855 /* Demo说明.txt */,
				8213F2701697DB6D00E06855 /* LUIButtonUITextFieldUITextView */,
				8213F2691697DB6D00E06855 /* Frameworks */,
				8213F2671697DB6D00E06855 /* Products */,
			);
			sourceTree = "<group>";
		};
		8213F2671697DB6D00E06855 /* Products */ = {
			isa = PBXGroup;
			children = (
				8213F2661697DB6D00E06855 /* LUIButtonUITextFieldUITextView.app */,
			);
			name = Products;
			sourceTree = "<group>";
		};
		8213F2691697DB6D00E06855 /* Frameworks */ = {
			isa = PBXGroup;
			children = (
				8213F26A1697DB6D00E06855 /* UIKit.framework */,
				8213F26C1697DB6D00E06855 /* Foundation.framework */,
				8213F26E1697DB6D00E06855 /* CoreGraphics.framework */,
			);
			name = Frameworks;
			sourceTree = "<group>";
		};
		8213F2701697DB6D00E06855 /* LUIButtonUITextFieldUITextView */ = {
			isa = PBXGroup;
			children = (
				8213F2791697DB6D00E06855 /* AppDelegate.h */,
				8213F27A1697DB6D00E06855 /* AppDelegate.m */,
				8213F2821697DB6D00E06855 /* ViewController.h */,
				8213F2831697DB6D00E06855 /* ViewController.m */,
				8213F2711697DB6D00E06855 /* Supporting Files */,
			);
			path = LUIButtonUITextFieldUITextView;
			sourceTree = "<group>";
		};
		8213F2711697DB6D00E06855 /* Supporting Files */ = {
			isa = PBXGroup;
			children = (
				8213F2721697DB6D00E06855 /* LUIButtonUITextFieldUITextView-Info.plist */,
				8213F2731697DB6D00E06855 /* InfoPlist.strings */,
				8213F2761697DB6D00E06855 /* main.m */,
				8213F2781697DB6D00E06855 /* LUIButtonUITextFieldUITextView-Prefix.pch */,
				8213F27C1697DB6D00E06855 /* Default.png */,
				8213F27E1697DB6D00E06855 /* Default@2x.png */,
				8213F2801697DB6D00E06855 /* Default-568h@2x.png */,
			);
			name = "Supporting Files";
			sourceTree = "<group>";
		};
/* End PBXGroup section */

/* Begin PBXNativeTarget section */
		8213F2651697DB6D00E06855 /* LUIButtonUITextFieldUITextView */ = {
			isa = PBXNativeTarget;
			buildConfigurationList = 8213F28A1697DB6D00E06855 /* Build configuration list for PBXNativeTarget "LUIButtonUITextFieldUITextView" */;
			buildPhases = (
				8213F2621697DB6D00E06855 /* Sources */,
				8213F2631697DB6D00E06855 /* Frameworks */,
				8213F2641697DB6D00E06855 /* Resources */,
			);
			buildRules = (
			);
			dependencies = (
			);
			name = LUIButtonUITextFieldUITextView;
			productName = LUIButtonUITextFieldUITextView;
			productReference = 8213F2661697DB6D00E06855 /* LUIButtonUITextFieldUITextView.app */;
			productType = "com.apple.product-type.application";
		};
/* End PBXNativeTarget section */

/* Begin PBXProject section */
		8213F25D1697DB6D00E06855 /* Project object */ = {
			isa = PBXProject;
			attributes = {
				LastUpgradeCheck = 0450;
				ORGANIZATIONNAME = "Oran Wu";
			};
			buildConfigurationList = 8213F2601697DB6D00E06855 /* Build configuration list for PBXProject "LUIButtonUITextFieldUITextView" */;
			compatibilityVersion = "Xcode 3.2";
			developmentRegion = English;
			hasScannedForEncodings = 0;
			knownRegions = (
				en,
			);
			mainGroup = 8213F25B1697DB6D00E06855;
			productRefGroup = 8213F2671697DB6D00E06855 /* Products */;
			projectDirPath = "";
			projectRoot = "";
			targets = (
				8213F2651697DB6D00E06855 /* LUIButtonUITextFieldUITextView */,
			);
		};
/* End PBXProject section */

/* Begin PBXResourcesBuildPhase section */
		8213F2641697DB6D00E06855 /* Resources */ = {
			isa = PBXResourcesBuildPhase;
			buildActionMask = 2147483647;
			files = (
				8213F2751697DB6D00E06855 /* InfoPlist.strings in Resources */,
				8213F27D1697DB6D00E06855 /* Default.png in Resources */,
				8213F27F1697DB6D00E06855 /* Default@2x.png in Resources */,
				8213F2811697DB6D00E06855 /* Default-568h@2x.png in Resources */,
				8213F28E1697DB9100E06855 /* Demo说明.txt in Resources */,
			);
			runOnlyForDeploymentPostprocessing = 0;
		};
/* End PBXResourcesBuildPhase section */

/* Begin PBXSourcesBuildPhase section */
		8213F2621697DB6D00E06855 /* Sources */ = {
			isa = PBXSourcesBuildPhase;
			buildActionMask = 2147483647;
			files = (
				8213F2771697DB6D00E06855 /* main.m in Sources */,
				8213F27B1697DB6D00E06855 /* AppDelegate.m in Sources */,
				8213F2841697DB6D00E06855 /* ViewController.m in Sources */,
			);
			runOnlyForDeploymentPostprocessing = 0;
		};
/* End PBXSourcesBuildPhase section */

/* Begin PBXVariantGroup section */
		8213F2731697DB6D00E06855 /* InfoPlist.strings */ = {
			isa = PBXVariantGroup;
			children = (
				8213F2741697DB6D00E06855 /* en */,
			);
			name = InfoPlist.strings;
			sourceTree = "<group>";
		};
/* End PBXVariantGroup section */

/* Begin XCBuildConfiguration section */
		8213F2881697DB6D00E06855 /* Debug */ = {
			isa = XCBuildConfiguration;
			buildSettings = {
				ALWAYS_SEARCH_USER_PATHS = NO;
				CLANG_CXX_LANGUAGE_STANDARD = "gnu++0x";
				CLANG_CXX_LIBRARY = "libc++";
				CLANG_ENABLE_OBJC_ARC = YES;
				CLANG_WARN_EMPTY_BODY = YES;
				CLANG_WARN__DUPLICATE_METHOD_MATCH = YES;
				"CODE_SIGN_IDENTITY[sdk=iphoneos*]" = "iPhone Developer";
				COPY_PHASE_STRIP = NO;
				GCC_C_LANGUAGE_STANDARD = gnu99;
				GCC_DYNAMIC_NO_PIC = NO;
				GCC_OPTIMIZATION_LEVEL = 0;
				GCC_PREPROCESSOR_DEFINITIONS = (
					"DEBUG=1",
					"$(inherited)",
				);
				GCC_SYMBOLS_PRIVATE_EXTERN = NO;
				GCC_WARN_ABOUT_RETURN_TYPE = YES;
				GCC_WARN_UNINITIALIZED_AUTOS = YES;
				GCC_WARN_UNUSED_VARIABLE = YES;
				IPHONEOS_DEPLOYMENT_TARGET = 6.0;
				ONLY_ACTIVE_ARCH = YES;
				SDKROOT = iphoneos;
			};
			name = Debug;
		};
		8213F2891697DB6D00E06855 /* Release */ = {
			isa = XCBuildConfiguration;
			buildSettings = {
				ALWAYS_SEARCH_USER_PATHS = NO;
				CLANG_CXX_LANGUAGE_STANDARD = "gnu++0x";
				CLANG_CXX_LIBRARY = "libc++";
				CLANG_ENABLE_OBJC_ARC = YES;
				CLANG_WARN_EMPTY_BODY = YES;
				CLANG_WARN__DUPLICATE_METHOD_MATCH = YES;
				"CODE_SIGN_IDENTITY[sdk=iphoneos*]" = "iPhone Developer";
				COPY_PHASE_STRIP = YES;
				GCC_C_LANGUAGE_STANDARD = gnu99;
				GCC_WARN_ABOUT_RETURN_TYPE = YES;
				GCC_WARN_UNINITIALIZED_AUTOS = YES;
				GCC_WARN_UNUSED_VARIABLE = YES;
				IPHONEOS_DEPLOYMENT_TARGET = 6.0;
				OTHER_CFLAGS = "-DNS_BLOCK_ASSERTIONS=1";
				SDKROOT = iphoneos;
				VALIDATE_PRODUCT = YES;
			};
			name = Release;
		};
		8213F28B1697DB6D00E06855 /* Debug */ = {
			isa = XCBuildConfiguration;
			buildSettings = {
				GCC_PRECOMPILE_PREFIX_HEADER = YES;
				GCC_PREFIX_HEADER = "LUIButtonUITextFieldUITextView/LUIButtonUITextFieldUITextView-Prefix.pch";
				INFOPLIST_FILE = "LUIButtonUITextFieldUITextView/LUIButtonUITextFieldUITextView-Info.plist";
				PRODUCT_NAME = "$(TARGET_NAME)";
				WRAPPER_EXTENSION = app;
			};
			name = Debug;
		};
		8213F28C1697DB6D00E06855 /* Release */ = {
			isa = XCBuildConfiguration;
			buildSettings = {
				GCC_PRECOMPILE_PREFIX_HEADER = YES;
				GCC_PREFIX_HEADER = "LUIButtonUITextFieldUITextView/LUIButtonUITextFieldUITextView-Prefix.pch";
				INFOPLIST_FILE = "LUIButtonUITextFieldUITextView/LUIButtonUITextFieldUITextView-Info.plist";
				PRODUCT_NAME = "$(TARGET_NAME)";
				WRAPPER_EXTENSION = app;
			};
			name = Release;
		};
/* End XCBuildConfiguration section */

/* Begin XCConfigurationList section */
		8213F2601697DB6D00E06855 /* Build configuration list for PBXProject "LUIButtonUITextFieldUITextView" */ = {
			isa = XCConfigurationList;
			buildConfigurations = (
				8213F2881697DB6D00E06855 /* Debug */,
				8213F2891697DB6D00E06855 /* Release */,
			);
			defaultConfigurationIsVisible = 0;
			defaultConfigurationName = Release;
		};
		8213F28A1697DB6D00E06855 /* Build configuration list for PBXNativeTarget "LUIButtonUITextFieldUITextView" */ = {
			isa = XCConfigurationList;
			buildConfigurations = (
				8213F28B1697DB6D00E06855 /* Debug */,
				8213F28C1697DB6D00E06855 /* Release */,
			);
			defaultConfigurationIsVisible = 0;
		};
/* End XCConfigurationList section */
	};
	rootObject = 8213F25D1697DB6D00E06855 /* Project object */;
}
